
Microsoft Visual Studio Solution File, Format Version 12.00
Project("{FAE04EC0-301F-11D3-BF4B-00C04F79EFBC}") = "UnitChange", "UnitChange\UnitChange.csproj", "{DA3989CC-4324-4E8C-A33E-906B03C7FD6C}"
EndProject
Global
	GlobalSection(SolutionConfigurationPlatforms) = preSolution
		Debug|Any CPU = Debug|Any CPU
		Release|Any CPU = Release|Any CPU
	EndGlobalSection
	GlobalSection(ProjectConfigurationPlatforms) = postSolution
		{DA3989CC-4324-4E8C-A33E-906B03C7FD6C}.Debug|Any CPU.ActiveCfg = Debug|Any CPU
		{DA3989CC-4324-4E8C-A33E-906B03C7FD6C}.Debug|Any CPU.Build.0 = Debug|Any CPU
		{DA3989CC-4324-4E8C-A33E-906B03C7FD6C}.Release|Any CPU.ActiveCfg = Release|Any CPU
		{DA3989CC-4324-4E8C-A33E-906B03C7FD6C}.Release|Any CPU.Build.0 = Release|Any CPU
	EndGlobalSection
EndGlobal
